// !$*UTF8*$!
{
	archiveVersion = 1;
	classes = {
	};
	objectVersion = 50;
	objects = {

/* Begin PBXBuildFile section */
		4506C33D23C6374F00BDF4C7 /* FlickrCollectionViewCell.swift in Sources */ = {isa = PBXBuildFile; fileRef = 4506C33C23C6374F00BDF4C7 /* FlickrCollectionViewCell.swift */; };
		4506C34023C63A0D00BDF4C7 /* APIManager.swift in Sources */ = {isa = PBXBuildFile; fileRef = 4506C33F23C63A0D00BDF4C7 /* APIManager.swift */; };
		4506C34323C643E500BDF4C7 /* FlickrSearchResults.swift in Sources */ = {isa = PBXBuildFile; fileRef = 4506C34223C643E500BDF4C7 /* FlickrSearchResults.swift */; };
		4506C34523C643FB00BDF4C7 /* FlickrPhoto.swift in Sources */ = {isa = PBXBuildFile; fileRef = 4506C34423C643FB00BDF4C7 /* FlickrPhoto.swift */; };
		4506C34723C6485F00BDF4C7 /* Result.swift in Sources */ = {isa = PBXBuildFile; fileRef = 4506C34623C6485F00BDF4C7 /* Result.swift */; };
		4506C34A23C649A800BDF4C7 /* FlickrViewModel.swift in Sources */ = {isa = PBXBuildFile; fileRef = 4506C34923C649A800BDF4C7 /* FlickrViewModel.swift */; };
		7778957923C5F31A009878D8 /* AppDelegate.swift in Sources */ = {isa = PBXBuildFile; fileRef = 7778957823C5F31A009878D8 /* AppDelegate.swift */; };
		7778957B23C5F31A009878D8 /* SceneDelegate.swift in Sources */ = {isa = PBXBuildFile; fileRef = 7778957A23C5F31A009878D8 /* SceneDelegate.swift */; };
		7778957D23C5F31A009878D8 /* ViewController.swift in Sources */ = {isa = PBXBuildFile; fileRef = 7778957C23C5F31A009878D8 /* ViewController.swift */; };
		7778958023C5F31A009878D8 /* Main.storyboard in Resources */ = {isa = PBXBuildFile; fileRef = 7778957E23C5F31A009878D8 /* Main.storyboard */; };
		7778958223C5F31D009878D8 /* Assets.xcassets in Resources */ = {isa = PBXBuildFile; fileRef = 7778958123C5F31D009878D8 /* Assets.xcassets */; };
		7778958523C5F31D009878D8 /* LaunchScreen.storyboard in Resources */ = {isa = PBXBuildFile; fileRef = 7778958323C5F31D009878D8 /* LaunchScreen.storyboard */; };
		77D2D91A23C60D510051ABC1 /* FlickrCollectionViewController.swift in Sources */ = {isa = PBXBuildFile; fileRef = 77D2D91823C60D510051ABC1 /* FlickrCollectionViewController.swift */; };
/* End PBXBuildFile section */

/* Begin PBXFileReference section */
		4506C33C23C6374F00BDF4C7 /* FlickrCollectionViewCell.swift */ = {isa = PBXFileReference; lastKnownFileType = sourcecode.swift; path = FlickrCollectionViewCell.swift; sourceTree = "<group>"; };
		4506C33F23C63A0D00BDF4C7 /* APIManager.swift */ = {isa = PBXFileReference; lastKnownFileType = sourcecode.swift; path = APIManager.swift; sourceTree = "<group>"; };
		4506C34223C643E500BDF4C7 /* FlickrSearchResults.swift */ = {isa = PBXFileReference; lastKnownFileType = sourcecode.swift; path = FlickrSearchResults.swift; sourceTree = "<group>"; };
		4506C34423C643FB00BDF4C7 /* FlickrPhoto.swift */ = {isa = PBXFileReference; lastKnownFileType = sourcecode.swift; path = FlickrPhoto.swift; sourceTree = "<group>"; };
		4506C34623C6485F00BDF4C7 /* Result.swift */ = {isa = PBXFileReference; lastKnownFileType = sourcecode.swift; path = Result.swift; sourceTree = "<group>"; };
		4506C34923C649A800BDF4C7 /* FlickrViewModel.swift */ = {isa = PBXFileReference; lastKnownFileType = sourcecode.swift; path = FlickrViewModel.swift; sourceTree = "<group>"; };
		7778957523C5F31A009878D8 /* MVVM-Rx.app */ = {isa = PBXFileReference; explicitFileType = wrapper.application; includeInIndex = 0; path = "MVVM-Rx.app"; sourceTree = BUILT_PRODUCTS_DIR; };
		7778957823C5F31A009878D8 /* AppDelegate.swift */ = {isa = PBXFileReference; lastKnownFileType = sourcecode.swift; path = AppDelegate.swift; sourceTree = "<group>"; };
		7778957A23C5F31A009878D8 /* SceneDelegate.swift */ = {isa = PBXFileReference; lastKnownFileType = sourcecode.swift; path = SceneDelegate.swift; sourceTree = "<group>"; };
		7778957C23C5F31A009878D8 /* ViewController.swift */ = {isa = PBXFileReference; lastKnownFileType = sourcecode.swift; path = ViewController.swift; sourceTree = "<group>"; };
		7778957F23C5F31A009878D8 /* Base */ = {isa = PBXFileReference; lastKnownFileType = file.storyboard; name = Base; path = Base.lproj/Main.storyboard; sourceTree = "<group>"; };
		7778958123C5F31D009878D8 /* Assets.xcassets */ = {isa = PBXFileReference; lastKnownFileType = folder.assetcatalog; path = Assets.xcassets; sourceTree = "<group>"; };
		7778958423C5F31D009878D8 /* Base */ = {isa = PBXFileReference; lastKnownFileType = file.storyboard; name = Base; path = Base.lproj/LaunchScreen.storyboard; sourceTree = "<group>"; };
		7778958623C5F31D009878D8 /* Info.plist */ = {isa = PBXFileReference; lastKnownFileType = text.plist.xml; path = Info.plist; sourceTree = "<group>"; };
		77D2D91823C60D510051ABC1 /* FlickrCollectionViewController.swift */ = {isa = PBXFileReference; lastKnownFileType = sourcecode.swift; path = FlickrCollectionViewController.swift; sourceTree = "<group>"; };
/* End PBXFileReference section */

/* Begin PBXFrameworksBuildPhase section */
		7778957223C5F31A009878D8 /* Frameworks */ = {
			isa = PBXFrameworksBuildPhase;
			buildActionMask = 2147483647;
			files = (
			);
			runOnlyForDeploymentPostprocessing = 0;
		};
/* End PBXFrameworksBuildPhase section */

/* Begin PBXGroup section */
		4506C33E23C639EF00BDF4C7 /* Helpers */ = {
			isa = PBXGroup;
			children = (
				4506C33F23C63A0D00BDF4C7 /* APIManager.swift */,
				4506C34623C6485F00BDF4C7 /* Result.swift */,
			);
			path = Helpers;
			sourceTree = "<group>";
		};
		4506C34123C643C300BDF4C7 /* Model */ = {
			isa = PBXGroup;
			children = (
				4506C34223C643E500BDF4C7 /* FlickrSearchResults.swift */,
				4506C34423C643FB00BDF4C7 /* FlickrPhoto.swift */,
			);
			path = Model;
			sourceTree = "<group>";
		};
		4506C34823C6499200BDF4C7 /* ViewModel */ = {
			isa = PBXGroup;
			children = (
				4506C34923C649A800BDF4C7 /* FlickrViewModel.swift */,
			);
			path = ViewModel;
			sourceTree = "<group>";
		};
		7778956C23C5F31A009878D8 = {
			isa = PBXGroup;
			children = (
				7778957723C5F31A009878D8 /* MVVM-Rx */,
				7778957623C5F31A009878D8 /* Products */,
			);
			sourceTree = "<group>";
		};
		7778957623C5F31A009878D8 /* Products */ = {
			isa = PBXGroup;
			children = (
				7778957523C5F31A009878D8 /* MVVM-Rx.app */,
			);
			name = Products;
			sourceTree = "<group>";
		};
		7778957723C5F31A009878D8 /* MVVM-Rx */ = {
			isa = PBXGroup;
			children = (
				4506C34823C6499200BDF4C7 /* ViewModel */,
				4506C34123C643C300BDF4C7 /* Model */,
				4506C33E23C639EF00BDF4C7 /* Helpers */,
				77D2D91723C60D230051ABC1 /* View */,
				7778957823C5F31A009878D8 /* AppDelegate.swift */,
				7778957A23C5F31A009878D8 /* SceneDelegate.swift */,
				7778957C23C5F31A009878D8 /* ViewController.swift */,
				7778958123C5F31D009878D8 /* Assets.xcassets */,
				7778958323C5F31D009878D8 /* LaunchScreen.storyboard */,
				7778958623C5F31D009878D8 /* Info.plist */,
			);
			path = "MVVM-Rx";
			sourceTree = "<group>";
		};
		77D2D91723C60D230051ABC1 /* View */ = {
			isa = PBXGroup;
			children = (
				7778957E23C5F31A009878D8 /* Main.storyboard */,
				77D2D91823C60D510051ABC1 /* FlickrCollectionViewController.swift */,
				4506C33C23C6374F00BDF4C7 /* FlickrCollectionViewCell.swift */,
			);
			path = View;
			sourceTree = "<group>";
		};
/* End PBXGroup section */

/* Begin PBXNativeTarget section */
		7778957423C5F31A009878D8 /* MVVM-Rx */ = {
			isa = PBXNativeTarget;
			buildConfigurationList = 7778958923C5F31D009878D8 /* Build configuration list for PBXNativeTarget "MVVM-Rx" */;
			buildPhases = (
				7778957123C5F31A009878D8 /* Sources */,
				7778957223C5F31A009878D8 /* Frameworks */,
				7778957323C5F31A009878D8 /* Resources */,
			);
			buildRules = (
			);
			dependencies = (
			);
			name = "MVVM-Rx";
			productName = "MVVM-Rx";
			productReference = 7778957523C5F31A009878D8 /* MVVM-Rx.app */;
			productType = "com.apple.product-type.application";
		};
/* End PBXNativeTarget section */

/* Begin PBXProject section */
		7778956D23C5F31A009878D8 /* Project object */ = {
			isa = PBXProject;
			attributes = {
				LastSwiftUpdateCheck = 1130;
				LastUpgradeCheck = 1130;
				ORGANIZATIONNAME = "Maheshwari, Deepali";
				TargetAttributes = {
					7778957423C5F31A009878D8 = {
						CreatedOnToolsVersion = 11.3;
					};
				};
			};
			buildConfigurationList = 7778957023C5F31A009878D8 /* Build configuration list for PBXProject "MVVM-Rx" */;
			compatibilityVersion = "Xcode 9.3";
			developmentRegion = en;
			hasScannedForEncodings = 0;
			knownRegions = (
				en,
				Base,
			);
			mainGroup = 7778956C23C5F31A009878D8;
			productRefGroup = 7778957623C5F31A009878D8 /* Products */;
			projectDirPath = "";
			projectRoot = "";
			targets = (
				7778957423C5F31A009878D8 /* MVVM-Rx */,
			);
		};
/* End PBXProject section */

/* Begin PBXResourcesBuildPhase section */
		7778957323C5F31A009878D8 /* Resources */ = {
			isa = PBXResourcesBuildPhase;
			buildActionMask = 2147483647;
			files = (
				7778958523C5F31D009878D8 /* LaunchScreen.storyboard in Resources */,
				7778958223C5F31D009878D8 /* Assets.xcassets in Resources */,
				7778958023C5F31A009878D8 /* Main.storyboard in Resources */,
			);
			runOnlyForDeploymentPostprocessing = 0;
		};
/* End PBXResourcesBuildPhase section */

/* Begin PBXSourcesBuildPhase section */
		7778957123C5F31A009878D8 /* Sources */ = {
			isa = PBXSourcesBuildPhase;
			buildActionMask = 2147483647;
			files = (
				4506C34723C6485F00BDF4C7 /* Result.swift in Sources */,
				4506C34023C63A0D00BDF4C7 /* APIManager.swift in Sources */,
				4506C34523C643FB00BDF4C7 /* FlickrPhoto.swift in Sources */,
				4506C33D23C6374F00BDF4C7 /* FlickrCollectionViewCell.swift in Sources */,
				7778957D23C5F31A009878D8 /* ViewController.swift in Sources */,
				77D2D91A23C60D510051ABC1 /* FlickrCollectionViewController.swift in Sources */,
				7778957923C5F31A009878D8 /* AppDelegate.swift in Sources */,
				7778957B23C5F31A009878D8 /* SceneDelegate.swift in Sources */,
				4506C34323C643E500BDF4C7 /* FlickrSearchResults.swift in Sources */,
				4506C34A23C649A800BDF4C7 /* FlickrViewModel.swift in Sources */,
			);
			runOnlyForDeploymentPostprocessing = 0;
		};
/* End PBXSourcesBuildPhase section */

/* Begin PBXVariantGroup section */
		7778957E23C5F31A009878D8 /* Main.storyboard */ = {
			isa = PBXVariantGroup;
			children = (
				7778957F23C5F31A009878D8 /* Base */,
			);
			name = Main.storyboard;
			sourceTree = "<group>";
		};
		7778958323C5F31D009878D8 /* LaunchScreen.storyboard */ = {
			isa = PBXVariantGroup;
			children = (
				7778958423C5F31D009878D8 /* Base */,
			);
			name = LaunchScreen.storyboard;
			sourceTree = "<group>";
		};
/* End PBXVariantGroup section */

/* Begin XCBuildConfiguration section */
		7778958723C5F31D009878D8 /* Debug */ = {
			isa = XCBuildConfiguration;
			buildSettings = {
				ALWAYS_SEARCH_USER_PATHS = NO;
				CLANG_ANALYZER_NONNULL = YES;
				CLANG_ANALYZER_NUMBER_OBJECT_CONVERSION = YES_AGGRESSIVE;
				CLANG_CXX_LANGUAGE_STANDARD = "gnu++14";
				CLANG_CXX_LIBRARY = "libc++";
				CLANG_ENABLE_MODULES = YES;
				CLANG_ENABLE_OBJC_ARC = YES;
				CLANG_ENABLE_OBJC_WEAK = YES;
				CLANG_WARN_BLOCK_CAPTURE_AUTORELEASING = YES;
				CLANG_WARN_BOOL_CONVERSION = YES;
				CLANG_WARN_COMMA = YES;
				CLANG_WARN_CONSTANT_CONVERSION = YES;
				CLANG_WARN_DEPRECATED_OBJC_IMPLEMENTATIONS = YES;
				CLANG_WARN_DIRECT_OBJC_ISA_USAGE = YES_ERROR;
				CLANG_WARN_DOCUMENTATION_COMMENTS = YES;
				CLANG_WARN_EMPTY_BODY = YES;
				CLANG_WARN_ENUM_CONVERSION = YES;
				CLANG_WARN_INFINITE_RECURSION = YES;
				CLANG_WARN_INT_CONVERSION = YES;
				CLANG_WARN_NON_LITERAL_NULL_CONVERSION = YES;
				CLANG_WARN_OBJC_IMPLICIT_RETAIN_SELF = YES;
				CLANG_WARN_OBJC_LITERAL_CONVERSION = YES;
				CLANG_WARN_OBJC_ROOT_CLASS = YES_ERROR;
				CLANG_WARN_RANGE_LOOP_ANALYSIS = YES;
				CLANG_WARN_STRICT_PROTOTYPES = YES;
				CLANG_WARN_SUSPICIOUS_MOVE = YES;
				CLANG_WARN_UNGUARDED_AVAILABILITY = YES_AGGRESSIVE;
				CLANG_WARN_UNREACHABLE_CODE = YES;
				CLANG_WARN__DUPLICATE_METHOD_MATCH = YES;
				COPY_PHASE_STRIP = NO;
				DEBUG_INFORMATION_FORMAT = dwarf;
				ENABLE_STRICT_OBJC_MSGSEND = YES;
				ENABLE_TESTABILITY = YES;
				GCC_C_LANGUAGE_STANDARD = gnu11;
				GCC_DYNAMIC_NO_PIC = NO;
				GCC_NO_COMMON_BLOCKS = YES;
				GCC_OPTIMIZATION_LEVEL = 0;
				GCC_PREPROCESSOR_DEFINITIONS = (
					"DEBUG=1",
					"$(inherited)",
				);
				GCC_WARN_64_TO_32_BIT_CONVERSION = YES;
				GCC_WARN_ABOUT_RETURN_TYPE = YES_ERROR;
				GCC_WARN_UNDECLARED_SELECTOR = YES;
				GCC_WARN_UNINITIALIZED_AUTOS = YES_AGGRESSIVE;
				GCC_WARN_UNUSED_FUNCTION = YES;
				GCC_WARN_UNUSED_VARIABLE = YES;
				IPHONEOS_DEPLOYMENT_TARGET = 13.2;
				MTL_ENABLE_DEBUG_INFO = INCLUDE_SOURCE;
				MTL_FAST_MATH = YES;
				ONLY_ACTIVE_ARCH = YES;
				SDKROOT = iphoneos;
				SWIFT_ACTIVE_COMPILATION_CONDITIONS = DEBUG;
				SWIFT_OPTIMIZATION_LEVEL = "-Onone";
			};
			name = Debug;
		};
		7778958823C5F31D009878D8 /* Release */ = {
			isa = XCBuildConfiguration;
			buildSettings = {
				ALWAYS_SEARCH_USER_PATHS = NO;
				CLANG_ANALYZER_NONNULL = YES;
				CLANG_ANALYZER_NUMBER_OBJECT_CONVERSION = YES_AGGRESSIVE;
				CLANG_CXX_LANGUAGE_STANDARD = "gnu++14";
				CLANG_CXX_LIBRARY = "libc++";
				CLANG_ENABLE_MODULES = YES;
				CLANG_ENABLE_OBJC_ARC = YES;
				CLANG_ENABLE_OBJC_WEAK = YES;
				CLANG_WARN_BLOCK_CAPTURE_AUTORELEASING = YES;
				CLANG_WARN_BOOL_CONVERSION = YES;
				CLANG_WARN_COMMA = YES;
				CLANG_WARN_CONSTANT_CONVERSION = YES;
				CLANG_WARN_DEPRECATED_OBJC_IMPLEMENTATIONS = YES;
				CLANG_WARN_DIRECT_OBJC_ISA_USAGE = YES_ERROR;
				CLANG_WARN_DOCUMENTATION_COMMENTS = YES;
				CLANG_WARN_EMPTY_BODY = YES;
				CLANG_WARN_ENUM_CONVERSION = YES;
				CLANG_WARN_INFINITE_RECURSION = YES;
				CLANG_WARN_INT_CONVERSION = YES;
				CLANG_WARN_NON_LITERAL_NULL_CONVERSION = YES;
				CLANG_WARN_OBJC_IMPLICIT_RETAIN_SELF = YES;
				CLANG_WARN_OBJC_LITERAL_CONVERSION = YES;
				CLANG_WARN_OBJC_ROOT_CLASS = YES_ERROR;
				CLANG_WARN_RANGE_LOOP_ANALYSIS = YES;
				CLANG_WARN_STRICT_PROTOTYPES = YES;
				CLANG_WARN_SUSPICIOUS_MOVE = YES;
				CLANG_WARN_UNGUARDED_AVAILABILITY = YES_AGGRESSIVE;
				CLANG_WARN_UNREACHABLE_CODE = YES;
				CLANG_WARN__DUPLICATE_METHOD_MATCH = YES;
				COPY_PHASE_STRIP = NO;
				DEBUG_INFORMATION_FORMAT = "dwarf-with-dsym";
				ENABLE_NS_ASSERTIONS = NO;
				ENABLE_STRICT_OBJC_MSGSEND = YES;
				GCC_C_LANGUAGE_STANDARD = gnu11;
				GCC_NO_COMMON_BLOCKS = YES;
				GCC_WARN_64_TO_32_BIT_CONVERSION = YES;
				GCC_WARN_ABOUT_RETURN_TYPE = YES_ERROR;
				GCC_WARN_UNDECLARED_SELECTOR = YES;
				GCC_WARN_UNINITIALIZED_AUTOS = YES_AGGRESSIVE;
				GCC_WARN_UNUSED_FUNCTION = YES;
				GCC_WARN_UNUSED_VARIABLE = YES;
				IPHONEOS_DEPLOYMENT_TARGET = 13.2;
				MTL_ENABLE_DEBUG_INFO = NO;
				MTL_FAST_MATH = YES;
				SDKROOT = iphoneos;
				SWIFT_COMPILATION_MODE = wholemodule;
				SWIFT_OPTIMIZATION_LEVEL = "-O";
				VALIDATE_PRODUCT = YES;
			};
			name = Release;
		};
		7778958A23C5F31D009878D8 /* Debug */ = {
			isa = XCBuildConfiguration;
			buildSettings = {
				ASSETCATALOG_COMPILER_APPICON_NAME = AppIcon;
				CODE_SIGN_STYLE = Automatic;
				DEVELOPMENT_TEAM = P5M9263PM7;
				INFOPLIST_FILE = "MVVM-Rx/Info.plist";
				IPHONEOS_DEPLOYMENT_TARGET = 13.1;
				LD_RUNPATH_SEARCH_PATHS = (
					"$(inherited)",
					"@executable_path/Frameworks",
				);
				PRODUCT_BUNDLE_IDENTIFIER = "com.deepali.MVVM-Rx";
				PRODUCT_NAME = "$(TARGET_NAME)";
				SWIFT_VERSION = 5.0;
				TARGETED_DEVICE_FAMILY = "1,2";
			};
			name = Debug;
		};
		7778958B23C5F31D009878D8 /* Release */ = {
			isa = XCBuildConfiguration;
			buildSettings = {
				ASSETCATALOG_COMPILER_APPICON_NAME = AppIcon;
				CODE_SIGN_STYLE = Automatic;
				DEVELOPMENT_TEAM = P5M9263PM7;
				INFOPLIST_FILE = "MVVM-Rx/Info.plist";
				IPHONEOS_DEPLOYMENT_TARGET = 13.1;
				LD_RUNPATH_SEARCH_PATHS = (
					"$(inherited)",
					"@executable_path/Frameworks",
				);
				PRODUCT_BUNDLE_IDENTIFIER = "com.deepali.MVVM-Rx";
				PRODUCT_NAME = "$(TARGET_NAME)";
				SWIFT_VERSION = 5.0;
				TARGETED_DEVICE_FAMILY = "1,2";
			};
			name = Release;
		};
/* End XCBuildConfiguration section */

/* Begin XCConfigurationList section */
		7778957023C5F31A009878D8 /* Build configuration list for PBXProject "MVVM-Rx" */ = {
			isa = XCConfigurationList;
			buildConfigurations = (
				7778958723C5F31D009878D8 /* Debug */,
				7778958823C5F31D009878D8 /* Release */,
			);
			defaultConfigurationIsVisible = 0;
			defaultConfigurationName = Release;
		};
		7778958923C5F31D009878D8 /* Build configuration list for PBXNativeTarget "MVVM-Rx" */ = {
			isa = XCConfigurationList;
			buildConfigurations = (
				7778958A23C5F31D009878D8 /* Debug */,
				7778958B23C5F31D009878D8 /* Release */,
			);
			defaultConfigurationIsVisible = 0;
			defaultConfigurationName = Release;
		};
/* End XCConfigurationList section */
	};
	rootObject = 7778956D23C5F31A009878D8 /* Project object */;
}
